
Microsoft Visual Studio Solution File, Format Version 12.00
# Visual Studio Version 16
VisualStudioVersion = 16.0.30114.105
MinimumVisualStudioVersion = 10.0.40219.1
Project("{FAE04EC0-301F-11D3-BF4B-00C04F79EFBC}") = "Client", "src\Client\Client.csproj", "{44779A19-13D0-4275-A81A-C75676812A66}"
EndProject
Project("{FAE04EC0-301F-11D3-BF4B-00C04F79EFBC}") = "Domain", "src\Domain\Domain.csproj", "{6C1ED491-0479-4497-AB5E-E33E00085646}"
EndProject
Global
	GlobalSection(SolutionConfigurationPlatforms) = preSolution
		Debug|Any CPU = Debug|Any CPU
		Debug|x64 = Debug|x64
		Debug|x86 = Debug|x86
		Release|Any CPU = Release|Any CPU
		Release|x64 = Release|x64
		Release|x86 = Release|x86
	EndGlobalSection
	GlobalSection(SolutionProperties) = preSolution
		HideSolutionNode = FALSE
	EndGlobalSection
	GlobalSection(ProjectConfigurationPlatforms) = postSolution
		{44779A19-13D0-4275-A81A-C75676812A66}.Debug|Any CPU.ActiveCfg = Debug|Any CPU
		{44779A19-13D0-4275-A81A-C75676812A66}.Debug|Any CPU.Build.0 = Debug|Any CPU
		{44779A19-13D0-4275-A81A-C75676812A66}.Debug|x64.ActiveCfg = Debug|Any CPU
		{44779A19-13D0-4275-A81A-C75676812A66}.Debug|x64.Build.0 = Debug|Any CPU
		{44779A19-13D0-4275-A81A-C75676812A66}.Debug|x86.ActiveCfg = Debug|Any CPU
		{44779A19-13D0-4275-A81A-C75676812A66}.Debug|x86.Build.0 = Debug|Any CPU
		{44779A19-13D0-4275-A81A-C75676812A66}.Release|Any CPU.ActiveCfg = Release|Any CPU
		{44779A19-13D0-4275-A81A-C75676812A66}.Release|Any CPU.Build.0 = Release|Any CPU
		{44779A19-13D0-4275-A81A-C75676812A66}.Release|x64.ActiveCfg = Release|Any CPU
		{44779A19-13D0-4275-A81A-C75676812A66}.Release|x64.Build.0 = Release|Any CPU
		{44779A19-13D0-4275-A81A-C75676812A66}.Release|x86.ActiveCfg = Release|Any CPU
		{44779A19-13D0-4275-A81A-C75676812A66}.Release|x86.Build.0 = Release|Any CPU
		{6C1ED491-0479-4497-AB5E-E33E00085646}.Debug|Any CPU.ActiveCfg = Debug|Any CPU
		{6C1ED491-0479-4497-AB5E-E33E00085646}.Debug|Any CPU.Build.0 = Debug|Any CPU
		{6C1ED491-0479-4497-AB5E-E33E00085646}.Debug|x64.ActiveCfg = Debug|Any CPU
		{6C1ED491-0479-4497-AB5E-E33E00085646}.Debug|x64.Build.0 = Debug|Any CPU
		{6C1ED491-0479-4497-AB5E-E33E00085646}.Debug|x86.ActiveCfg = Debug|Any CPU
		{6C1ED491-0479-4497-AB5E-E33E00085646}.Debug|x86.Build.0 = Debug|Any CPU
		{6C1ED491-0479-4497-AB5E-E33E00085646}.Release|Any CPU.ActiveCfg = Release|Any CPU
		{6C1ED491-0479-4497-AB5E-E33E00085646}.Release|Any CPU.Build.0 = Release|Any CPU
		{6C1ED491-0479-4497-AB5E-E33E00085646}.Release|x64.ActiveCfg = Release|Any CPU
		{6C1ED491-0479-4497-AB5E-E33E00085646}.Release|x64.Build.0 = Release|Any CPU
		{6C1ED491-0479-4497-AB5E-E33E00085646}.Release|x86.ActiveCfg = Release|Any CPU
		{6C1ED491-0479-4497-AB5E-E33E00085646}.Release|x86.Build.0 = Release|Any CPU
	EndGlobalSection
EndGlobal
